
Microsoft Visual Studio Solution File, Format Version 12.00
# Visual Studio Version 17
VisualStudioVersion = 17.0.31903.59
MinimumVisualStudioVersion = 10.0.40219.1
Project("{FAE04EC0-301F-11D3-BF4B-00C04F79EFBC}") = "KinematicTrees.Robotics", "KinematicTrees.Robotics\KinematicTrees.Robotics.csproj", "{D9061246-FC59-4CEB-B722-F22B238BBE9E}"
EndProject
Project("{FAE04EC0-301F-11D3-BF4B-00C04F79EFBC}") = "KinematicTrees.Robotics.Tests", "KinematicTrees.Robotics.Tests\KinematicTrees.Robotics.Tests.csproj", "{179EA202-2853-415C-8EF2-CD64926CDC64}"
EndProject
Project("{FAE04EC0-301F-11D3-BF4B-00C04F79EFBC}") = "KinematicTrees.Robotics.AbiDiagnostic", "KinematicTrees.Robotics.AbiDiagnostic\KinematicTrees.Robotics.AbiDiagnostic.csproj", "{28C1CB8A-FF8F-41A5-8881-45EA52DD3305}"
EndProject
Global
	GlobalSection(SolutionConfigurationPlatforms) = preSolution
		Debug|Any CPU = Debug|Any CPU
		Release|Any CPU = Release|Any CPU
	EndGlobalSection
	GlobalSection(SolutionProperties) = preSolution
		HideSolutionNode = FALSE
	EndGlobalSection
	GlobalSection(ProjectConfigurationPlatforms) = postSolution
		{D9061246-FC59-4CEB-B722-F22B238BBE9E}.Debug|Any CPU.ActiveCfg = Debug|Any CPU
		{D9061246-FC59-4CEB-B722-F22B238BBE9E}.Debug|Any CPU.Build.0 = Debug|Any CPU
		{D9061246-FC59-4CEB-B722-F22B238BBE9E}.Release|Any CPU.ActiveCfg = Release|Any CPU
		{D9061246-FC59-4CEB-B722-F22B238BBE9E}.Release|Any CPU.Build.0 = Release|Any CPU
		{179EA202-2853-415C-8EF2-CD64926CDC64}.Debug|Any CPU.ActiveCfg = Debug|Any CPU
		{179EA202-2853-415C-8EF2-CD64926CDC64}.Debug|Any CPU.Build.0 = Debug|Any CPU
		{179EA202-2853-415C-8EF2-CD64926CDC64}.Release|Any CPU.ActiveCfg = Release|Any CPU
		{179EA202-2853-415C-8EF2-CD64926CDC64}.Release|Any CPU.Build.0 = Release|Any CPU
		{28C1CB8A-FF8F-41A5-8881-45EA52DD3305}.Debug|Any CPU.ActiveCfg = Debug|Any CPU
		{28C1CB8A-FF8F-41A5-8881-45EA52DD3305}.Debug|Any CPU.Build.0 = Debug|Any CPU
		{28C1CB8A-FF8F-41A5-8881-45EA52DD3305}.Release|Any CPU.ActiveCfg = Release|Any CPU
		{28C1CB8A-FF8F-41A5-8881-45EA52DD3305}.Release|Any CPU.Build.0 = Release|Any CPU
	EndGlobalSection
EndGlobal
